
Microsoft Visual Studio Solution File, Format Version 12.00
# Visual Studio Version 16
VisualStudioVersion = 16.0.29911.84
MinimumVisualStudioVersion = 10.0.40219.1
Project("{FAE04EC0-301F-11D3-BF4B-00C04F79EFBC}") = "Chapter3", "Chapter3\Chapter3.csproj", "{BD587352-C8AB-4C11-AC47-1E8A0B6AAB71}"
EndProject
Project("{FAE04EC0-301F-11D3-BF4B-00C04F79EFBC}") = "Chapter4", "Chapter4\Chapter4.csproj", "{3AE2A56B-F43A-4E2B-915B-7418C8D0DBC5}"
EndProject
Project("{FAE04EC0-301F-11D3-BF4B-00C04F79EFBC}") = "Chapter5", "Chapter5\Chapter5.csproj", "{285FBEB1-AE4F-4D7F-A2DC-1612AF401320}"
EndProject
Project("{FAE04EC0-301F-11D3-BF4B-00C04F79EFBC}") = "Chapter6", "Chapter6\Chapter6.csproj", "{BDD14CAB-D2E6-4069-9EB6-E9799FD460DB}"
EndProject
Project("{FAE04EC0-301F-11D3-BF4B-00C04F79EFBC}") = "Chapter7", "Chapter7\Chapter7.csproj", "{9BF33E42-BBB0-47BE-B894-2D7EF6AA78DE}"
EndProject
Global
	GlobalSection(SolutionConfigurationPlatforms) = preSolution
		Debug|Any CPU = Debug|Any CPU
		Release|Any CPU = Release|Any CPU
	EndGlobalSection
	GlobalSection(ProjectConfigurationPlatforms) = postSolution
		{BD587352-C8AB-4C11-AC47-1E8A0B6AAB71}.Debug|Any CPU.ActiveCfg = Debug|Any CPU
		{BD587352-C8AB-4C11-AC47-1E8A0B6AAB71}.Debug|Any CPU.Build.0 = Debug|Any CPU
		{BD587352-C8AB-4C11-AC47-1E8A0B6AAB71}.Release|Any CPU.ActiveCfg = Release|Any CPU
		{BD587352-C8AB-4C11-AC47-1E8A0B6AAB71}.Release|Any CPU.Build.0 = Release|Any CPU
		{3AE2A56B-F43A-4E2B-915B-7418C8D0DBC5}.Debug|Any CPU.ActiveCfg = Debug|Any CPU
		{3AE2A56B-F43A-4E2B-915B-7418C8D0DBC5}.Debug|Any CPU.Build.0 = Debug|Any CPU
		{3AE2A56B-F43A-4E2B-915B-7418C8D0DBC5}.Release|Any CPU.ActiveCfg = Release|Any CPU
		{3AE2A56B-F43A-4E2B-915B-7418C8D0DBC5}.Release|Any CPU.Build.0 = Release|Any CPU
		{285FBEB1-AE4F-4D7F-A2DC-1612AF401320}.Debug|Any CPU.ActiveCfg = Debug|Any CPU
		{285FBEB1-AE4F-4D7F-A2DC-1612AF401320}.Debug|Any CPU.Build.0 = Debug|Any CPU
		{285FBEB1-AE4F-4D7F-A2DC-1612AF401320}.Release|Any CPU.ActiveCfg = Release|Any CPU
		{285FBEB1-AE4F-4D7F-A2DC-1612AF401320}.Release|Any CPU.Build.0 = Release|Any CPU
		{BDD14CAB-D2E6-4069-9EB6-E9799FD460DB}.Debug|Any CPU.ActiveCfg = Debug|Any CPU
		{BDD14CAB-D2E6-4069-9EB6-E9799FD460DB}.Debug|Any CPU.Build.0 = Debug|Any CPU
		{BDD14CAB-D2E6-4069-9EB6-E9799FD460DB}.Release|Any CPU.ActiveCfg = Release|Any CPU
		{BDD14CAB-D2E6-4069-9EB6-E9799FD460DB}.Release|Any CPU.Build.0 = Release|Any CPU
		{9BF33E42-BBB0-47BE-B894-2D7EF6AA78DE}.Debug|Any CPU.ActiveCfg = Debug|Any CPU
		{9BF33E42-BBB0-47BE-B894-2D7EF6AA78DE}.Debug|Any CPU.Build.0 = Debug|Any CPU
		{9BF33E42-BBB0-47BE-B894-2D7EF6AA78DE}.Release|Any CPU.ActiveCfg = Release|Any CPU
		{9BF33E42-BBB0-47BE-B894-2D7EF6AA78DE}.Release|Any CPU.Build.0 = Release|Any CPU
	EndGlobalSection
	GlobalSection(SolutionProperties) = preSolution
		HideSolutionNode = FALSE
	EndGlobalSection
	GlobalSection(ExtensibilityGlobals) = postSolution
		SolutionGuid = {CFD0CD5E-2095-4194-AFCB-9984B34EFD69}
	EndGlobalSection
EndGlobal
